
Microsoft Visual Studio Solution File, Format Version 12.00
# Visual Studio Version 16
VisualStudioVersion = 16.0.31702.278
MinimumVisualStudioVersion = 10.0.40219.1
Project("{FAE04EC0-301F-11D3-BF4B-00C04F79EFBC}") = "p4library", "p4library\p4library.csproj", "{32BC3C58-851B-47B3-B991-78E9BF3FF4B8}"
EndProject
Global
	GlobalSection(SolutionConfigurationPlatforms) = preSolution
		Debug|Any CPU = Debug|Any CPU
		Release|Any CPU = Release|Any CPU
	EndGlobalSection
	GlobalSection(ProjectConfigurationPlatforms) = postSolution
		{32BC3C58-851B-47B3-B991-78E9BF3FF4B8}.Debug|Any CPU.ActiveCfg = Debug|Any CPU
		{32BC3C58-851B-47B3-B991-78E9BF3FF4B8}.Debug|Any CPU.Build.0 = Debug|Any CPU
		{32BC3C58-851B-47B3-B991-78E9BF3FF4B8}.Release|Any CPU.ActiveCfg = Release|Any CPU
		{32BC3C58-851B-47B3-B991-78E9BF3FF4B8}.Release|Any CPU.Build.0 = Release|Any CPU
	EndGlobalSection
	GlobalSection(SolutionProperties) = preSolution
		HideSolutionNode = FALSE
	EndGlobalSection
	GlobalSection(ExtensibilityGlobals) = postSolution
		SolutionGuid = {D7D37C36-8217-4EE7-BE4C-EB6779B6B421}
	EndGlobalSection
EndGlobal
